// !$*UTF8*$!
{
	archiveVersion = 1;
	classes = {
	};
	objectVersion = 51;
	objects = {

/* Begin PBXBuildFile section */
		38B10C313D521B009B2A8BBE /* Pods_Weather.framework in Frameworks */ = {isa = PBXBuildFile; fileRef = F1CD17BCD5BBF60CEF8E586F /* Pods_Weather.framework */; };
		475B02E626A6A65E00712ED5 /* APIRouter.swift in Sources */ = {isa = PBXBuildFile; fileRef = 475B02E126A6A65E00712ED5 /* APIRouter.swift */; };
		475B02E726A6A65E00712ED5 /* Domain.swift in Sources */ = {isa = PBXBuildFile; fileRef = 475B02E226A6A65E00712ED5 /* Domain.swift */; };
		475B02E926A6A65E00712ED5 /* Protocol.swift in Sources */ = {isa = PBXBuildFile; fileRef = 475B02E426A6A65E00712ED5 /* Protocol.swift */; };
		475B02EA26A6A65E00712ED5 /* Request.swift in Sources */ = {isa = PBXBuildFile; fileRef = 475B02E526A6A65E00712ED5 /* Request.swift */; };
		475B02EC26A6A97700712ED5 /* Decodable+Extension.swift in Sources */ = {isa = PBXBuildFile; fileRef = 475B02EB26A6A97700712ED5 /* Decodable+Extension.swift */; };
		475B02EF26A6B14000712ED5 /* WeatherEntity.swift in Sources */ = {isa = PBXBuildFile; fileRef = 475B02EE26A6B14000712ED5 /* WeatherEntity.swift */; };
		475B02F526A7273700712ED5 /* ForecastTableViewCell.swift in Sources */ = {isa = PBXBuildFile; fileRef = 475B02F326A7273700712ED5 /* ForecastTableViewCell.swift */; };
		475B02F826A8690000712ED5 /* UIAlertController+Extension.swift in Sources */ = {isa = PBXBuildFile; fileRef = 475B02F726A8690000712ED5 /* UIAlertController+Extension.swift */; };
		4A5B56BB2195E0E4005082B8 /* AppDelegate.swift in Sources */ = {isa = PBXBuildFile; fileRef = 4A5B56BA2195E0E4005082B8 /* AppDelegate.swift */; };
		4A5B56C22195E0E5005082B8 /* Assets.xcassets in Resources */ = {isa = PBXBuildFile; fileRef = 4A5B56C12195E0E5005082B8 /* Assets.xcassets */; };
		4A5B56C52195E0E5005082B8 /* LaunchScreen.storyboard in Resources */ = {isa = PBXBuildFile; fileRef = 4A5B56C32195E0E5005082B8 /* LaunchScreen.storyboard */; };
		4A5B56D02195E0E5005082B8 /* WeatherTests.swift in Sources */ = {isa = PBXBuildFile; fileRef = 4A5B56CF2195E0E5005082B8 /* WeatherTests.swift */; };
		AED17A1021992ABB0000127C /* Routerable.swift in Sources */ = {isa = PBXBuildFile; fileRef = AED17A0F21992ABB0000127C /* Routerable.swift */; };
		AED17A1221992AD90000127C /* Presenterable.swift in Sources */ = {isa = PBXBuildFile; fileRef = AED17A1121992AD90000127C /* Presenterable.swift */; };
		AED17A1421992AEF0000127C /* Viewable.swift in Sources */ = {isa = PBXBuildFile; fileRef = AED17A1321992AEF0000127C /* Viewable.swift */; };
		AED17A1621992B090000127C /* Interactorable.swift in Sources */ = {isa = PBXBuildFile; fileRef = AED17A1521992B090000127C /* Interactorable.swift */; };
		AED17A2121993C000000127C /* ForecastViewController.swift in Sources */ = {isa = PBXBuildFile; fileRef = AED17A1F21993C000000127C /* ForecastViewController.swift */; };
		AED17A2221993C000000127C /* ForecastViewController.xib in Resources */ = {isa = PBXBuildFile; fileRef = AED17A2021993C000000127C /* ForecastViewController.xib */; };
		AED17A2421993C180000127C /* ForecastPresenter.swift in Sources */ = {isa = PBXBuildFile; fileRef = AED17A2321993C180000127C /* ForecastPresenter.swift */; };
		AED17A2621993C2A0000127C /* ForecastRouterInput.swift in Sources */ = {isa = PBXBuildFile; fileRef = AED17A2521993C2A0000127C /* ForecastRouterInput.swift */; };
		AED17A2821993C450000127C /* ForecastInteractor.swift in Sources */ = {isa = PBXBuildFile; fileRef = AED17A2721993C450000127C /* ForecastInteractor.swift */; };
		AED17A3721995D900000127C /* ForecastEntities.swift in Sources */ = {isa = PBXBuildFile; fileRef = AED17A3621995D900000127C /* ForecastEntities.swift */; };
		EA814013289B67AE00D52E19 /* RealmManager.swift in Sources */ = {isa = PBXBuildFile; fileRef = EA81400A289B67AE00D52E19 /* RealmManager.swift */; };
		EA814014289B67AE00D52E19 /* LocalDataManager.swift in Sources */ = {isa = PBXBuildFile; fileRef = EA81400B289B67AE00D52E19 /* LocalDataManager.swift */; };
		EA814015289B67AE00D52E19 /* RealmProtocol.swift in Sources */ = {isa = PBXBuildFile; fileRef = EA81400C289B67AE00D52E19 /* RealmProtocol.swift */; };
		EA81401B289B6A5600D52E19 /* WeatherStoreable.swift in Sources */ = {isa = PBXBuildFile; fileRef = EA81401A289B6A5600D52E19 /* WeatherStoreable.swift */; };
		EA81401D289B6A6100D52E19 /* CityStoreable.swift in Sources */ = {isa = PBXBuildFile; fileRef = EA81401C289B6A6100D52E19 /* CityStoreable.swift */; };
		EA81401F289B70E300D52E19 /* TempStoreable.swift in Sources */ = {isa = PBXBuildFile; fileRef = EA81401E289B70E300D52E19 /* TempStoreable.swift */; };
		EA814021289B76E900D52E19 /* FeelsLikeStoreable.swift in Sources */ = {isa = PBXBuildFile; fileRef = EA814020289B76E900D52E19 /* FeelsLikeStoreable.swift */; };
		EA814023289B7A1200D52E19 /* WeatherInfoStoreable.swift in Sources */ = {isa = PBXBuildFile; fileRef = EA814022289B7A1200D52E19 /* WeatherInfoStoreable.swift */; };
		EA814025289B8DC400D52E19 /* ForecastStoreable.swift in Sources */ = {isa = PBXBuildFile; fileRef = EA814024289B8DC400D52E19 /* ForecastStoreable.swift */; };
		EA81402B289B99FD00D52E19 /* LocalDatabaseProtocol.swift in Sources */ = {isa = PBXBuildFile; fileRef = EA81402A289B99FD00D52E19 /* LocalDatabaseProtocol.swift */; };
		EA81402D289B9A3100D52E19 /* LocalDatabaseImpl.swift in Sources */ = {isa = PBXBuildFile; fileRef = EA81402C289B9A3100D52E19 /* LocalDatabaseImpl.swift */; };
		EA81402F289B9B0F00D52E19 /* RemoteRequestProtocol.swift in Sources */ = {isa = PBXBuildFile; fileRef = EA81402E289B9B0F00D52E19 /* RemoteRequestProtocol.swift */; };
		EA814031289B9B5000D52E19 /* RemoteRequestImpl.swift in Sources */ = {isa = PBXBuildFile; fileRef = EA814030289B9B5000D52E19 /* RemoteRequestImpl.swift */; };
		EAC44E10289A3FE200DFE305 /* city.list.json in Resources */ = {isa = PBXBuildFile; fileRef = EAC44E0F289A3FE200DFE305 /* city.list.json */; };
		EAC44E13289A4C9000DFE305 /* AppKey.swift in Sources */ = {isa = PBXBuildFile; fileRef = EAC44E12289A4C9000DFE305 /* AppKey.swift */; };
		EAC44E15289A4DFB00DFE305 /* WeatherUnit.swift in Sources */ = {isa = PBXBuildFile; fileRef = EAC44E14289A4DFB00DFE305 /* WeatherUnit.swift */; };
		EAC44E17289A4F0B00DFE305 /* CityEntity.swift in Sources */ = {isa = PBXBuildFile; fileRef = EAC44E16289A4F0B00DFE305 /* CityEntity.swift */; };
		EAC44E19289A4F8800DFE305 /* ForecastEntity.swift in Sources */ = {isa = PBXBuildFile; fileRef = EAC44E18289A4F8800DFE305 /* ForecastEntity.swift */; };
		EAC44E1C289A521C00DFE305 /* Entity.swift in Sources */ = {isa = PBXBuildFile; fileRef = EAC44E1B289A521C00DFE305 /* Entity.swift */; };
		EAC44E1E289A530A00DFE305 /* City.swift in Sources */ = {isa = PBXBuildFile; fileRef = EAC44E1D289A530A00DFE305 /* City.swift */; };
		EAC44E22289A543D00DFE305 /* FeelsLikeEntity.swift in Sources */ = {isa = PBXBuildFile; fileRef = EAC44E21289A543D00DFE305 /* FeelsLikeEntity.swift */; };
		EAC44E24289A545100DFE305 /* TempEntity.swift in Sources */ = {isa = PBXBuildFile; fileRef = EAC44E23289A545100DFE305 /* TempEntity.swift */; };
		EAC44E26289A546F00DFE305 /* WeatherInfoEntity.swift in Sources */ = {isa = PBXBuildFile; fileRef = EAC44E25289A546F00DFE305 /* WeatherInfoEntity.swift */; };
		EAC44E2B289A54CE00DFE305 /* FeelsLike.swift in Sources */ = {isa = PBXBuildFile; fileRef = EAC44E27289A54CE00DFE305 /* FeelsLike.swift */; };
		EAC44E2C289A54CE00DFE305 /* Forecast.swift in Sources */ = {isa = PBXBuildFile; fileRef = EAC44E28289A54CE00DFE305 /* Forecast.swift */; };
		EAC44E2D289A54CE00DFE305 /* Temperature.swift in Sources */ = {isa = PBXBuildFile; fileRef = EAC44E29289A54CE00DFE305 /* Temperature.swift */; };
		EAC44E2E289A54CE00DFE305 /* WeatherInfo.swift in Sources */ = {isa = PBXBuildFile; fileRef = EAC44E2A289A54CE00DFE305 /* WeatherInfo.swift */; };
		EAC44E30289A572C00DFE305 /* Host.swift in Sources */ = {isa = PBXBuildFile; fileRef = EAC44E2F289A572C00DFE305 /* Host.swift */; };
		EAC44E32289A59DD00DFE305 /* Weather.swift in Sources */ = {isa = PBXBuildFile; fileRef = EAC44E31289A59DD00DFE305 /* Weather.swift */; };
		EAC44E37289ABF4B00DFE305 /* AppError.swift in Sources */ = {isa = PBXBuildFile; fileRef = EAC44E36289ABF4B00DFE305 /* AppError.swift */; };
		EAC44E3A289AC8C700DFE305 /* Date+Extension.swift in Sources */ = {isa = PBXBuildFile; fileRef = EAC44E39289AC8C700DFE305 /* Date+Extension.swift */; };
		EAC44E3E289AD13300DFE305 /* WrapValue.swift in Sources */ = {isa = PBXBuildFile; fileRef = EAC44E3D289AD13300DFE305 /* WrapValue.swift */; };
		EAC44E40289AD1C500DFE305 /* Number+Extension.swift in Sources */ = {isa = PBXBuildFile; fileRef = EAC44E3F289AD1C500DFE305 /* Number+Extension.swift */; };
		EAC44E44289AD78700DFE305 /* ActivityIndicator.swift in Sources */ = {isa = PBXBuildFile; fileRef = EAC44E43289AD78700DFE305 /* ActivityIndicator.swift */; };
		F6C9F2147041D100B7FCA44A /* Pods_WeatherTests.framework in Frameworks */ = {isa = PBXBuildFile; fileRef = C9A8B96D3553C1491171A7E3 /* Pods_WeatherTests.framework */; };
/* End PBXBuildFile section */

/* Begin PBXContainerItemProxy section */
		4A5B56CC2195E0E5005082B8 /* PBXContainerItemProxy */ = {
			isa = PBXContainerItemProxy;
			containerPortal = 4A5B56AF2195E0E4005082B8 /* Project object */;
			proxyType = 1;
			remoteGlobalIDString = 4A5B56B62195E0E4005082B8;
			remoteInfo = SwiftVIPER;
		};
/* End PBXContainerItemProxy section */

/* Begin PBXFileReference section */
		3BC2C0316EAA814A4CAAE04E /* Pods-WeatherTests.release.xcconfig */ = {isa = PBXFileReference; includeInIndex = 1; lastKnownFileType = text.xcconfig; name = "Pods-WeatherTests.release.xcconfig"; path = "Target Support Files/Pods-WeatherTests/Pods-WeatherTests.release.xcconfig"; sourceTree = "<group>"; };
		425D5FF91E3DC44FACBFAAE4 /* Pods-Weather.debug.xcconfig */ = {isa = PBXFileReference; includeInIndex = 1; lastKnownFileType = text.xcconfig; name = "Pods-Weather.debug.xcconfig"; path = "Target Support Files/Pods-Weather/Pods-Weather.debug.xcconfig"; sourceTree = "<group>"; };
		475B02E126A6A65E00712ED5 /* APIRouter.swift */ = {isa = PBXFileReference; fileEncoding = 4; lastKnownFileType = sourcecode.swift; path = APIRouter.swift; sourceTree = "<group>"; };
		475B02E226A6A65E00712ED5 /* Domain.swift */ = {isa = PBXFileReference; fileEncoding = 4; lastKnownFileType = sourcecode.swift; path = Domain.swift; sourceTree = "<group>"; };
		475B02E426A6A65E00712ED5 /* Protocol.swift */ = {isa = PBXFileReference; fileEncoding = 4; lastKnownFileType = sourcecode.swift; path = Protocol.swift; sourceTree = "<group>"; };
		475B02E526A6A65E00712ED5 /* Request.swift */ = {isa = PBXFileReference; fileEncoding = 4; lastKnownFileType = sourcecode.swift; path = Request.swift; sourceTree = "<group>"; };
		475B02EB26A6A97700712ED5 /* Decodable+Extension.swift */ = {isa = PBXFileReference; fileEncoding = 4; lastKnownFileType = sourcecode.swift; path = "Decodable+Extension.swift"; sourceTree = "<group>"; };
		475B02EE26A6B14000712ED5 /* WeatherEntity.swift */ = {isa = PBXFileReference; lastKnownFileType = sourcecode.swift; path = WeatherEntity.swift; sourceTree = "<group>"; };
		475B02F326A7273700712ED5 /* ForecastTableViewCell.swift */ = {isa = PBXFileReference; lastKnownFileType = sourcecode.swift; path = ForecastTableViewCell.swift; sourceTree = "<group>"; };
		475B02F726A8690000712ED5 /* UIAlertController+Extension.swift */ = {isa = PBXFileReference; lastKnownFileType = sourcecode.swift; path = "UIAlertController+Extension.swift"; sourceTree = "<group>"; };
		4A5B56B72195E0E4005082B8 /* Weather.app */ = {isa = PBXFileReference; explicitFileType = wrapper.application; includeInIndex = 0; path = Weather.app; sourceTree = BUILT_PRODUCTS_DIR; };
		4A5B56BA2195E0E4005082B8 /* AppDelegate.swift */ = {isa = PBXFileReference; lastKnownFileType = sourcecode.swift; path = AppDelegate.swift; sourceTree = "<group>"; };
		4A5B56C12195E0E5005082B8 /* Assets.xcassets */ = {isa = PBXFileReference; lastKnownFileType = folder.assetcatalog; path = Assets.xcassets; sourceTree = "<group>"; };
		4A5B56C42195E0E5005082B8 /* Base */ = {isa = PBXFileReference; lastKnownFileType = file.storyboard; name = Base; path = Base.lproj/LaunchScreen.storyboard; sourceTree = "<group>"; };
		4A5B56C62195E0E5005082B8 /* Info.plist */ = {isa = PBXFileReference; lastKnownFileType = text.plist.xml; path = Info.plist; sourceTree = "<group>"; };
		4A5B56CB2195E0E5005082B8 /* WeatherTests.xctest */ = {isa = PBXFileReference; explicitFileType = wrapper.cfbundle; includeInIndex = 0; path = WeatherTests.xctest; sourceTree = BUILT_PRODUCTS_DIR; };
		4A5B56CF2195E0E5005082B8 /* WeatherTests.swift */ = {isa = PBXFileReference; lastKnownFileType = sourcecode.swift; path = WeatherTests.swift; sourceTree = "<group>"; };
		4A5B56D12195E0E5005082B8 /* Info.plist */ = {isa = PBXFileReference; lastKnownFileType = text.plist.xml; path = Info.plist; sourceTree = "<group>"; };
		9AADF5E4C1638371B30ABEC7 /* Pods-WeatherTests.debug.xcconfig */ = {isa = PBXFileReference; includeInIndex = 1; lastKnownFileType = text.xcconfig; name = "Pods-WeatherTests.debug.xcconfig"; path = "Target Support Files/Pods-WeatherTests/Pods-WeatherTests.debug.xcconfig"; sourceTree = "<group>"; };
		9F7DDCACE63CFE6C26C52625 /* Pods-Weather.release.xcconfig */ = {isa = PBXFileReference; includeInIndex = 1; lastKnownFileType = text.xcconfig; name = "Pods-Weather.release.xcconfig"; path = "Target Support Files/Pods-Weather/Pods-Weather.release.xcconfig"; sourceTree = "<group>"; };
		AED17A0F21992ABB0000127C /* Routerable.swift */ = {isa = PBXFileReference; lastKnownFileType = sourcecode.swift; path = Routerable.swift; sourceTree = "<group>"; };
		AED17A1121992AD90000127C /* Presenterable.swift */ = {isa = PBXFileReference; lastKnownFileType = sourcecode.swift; path = Presenterable.swift; sourceTree = "<group>"; };
		AED17A1321992AEF0000127C /* Viewable.swift */ = {isa = PBXFileReference; lastKnownFileType = sourcecode.swift; path = Viewable.swift; sourceTree = "<group>"; };
		AED17A1521992B090000127C /* Interactorable.swift */ = {isa = PBXFileReference; lastKnownFileType = sourcecode.swift; path = Interactorable.swift; sourceTree = "<group>"; };
		AED17A1F21993C000000127C /* ForecastViewController.swift */ = {isa = PBXFileReference; lastKnownFileType = sourcecode.swift; path = ForecastViewController.swift; sourceTree = "<group>"; };
		AED17A2021993C000000127C /* ForecastViewController.xib */ = {isa = PBXFileReference; lastKnownFileType = file.xib; path = ForecastViewController.xib; sourceTree = "<group>"; };
		AED17A2321993C180000127C /* ForecastPresenter.swift */ = {isa = PBXFileReference; lastKnownFileType = sourcecode.swift; path = ForecastPresenter.swift; sourceTree = "<group>"; };
		AED17A2521993C2A0000127C /* ForecastRouterInput.swift */ = {isa = PBXFileReference; lastKnownFileType = sourcecode.swift; path = ForecastRouterInput.swift; sourceTree = "<group>"; };
		AED17A2721993C450000127C /* ForecastInteractor.swift */ = {isa = PBXFileReference; lastKnownFileType = sourcecode.swift; path = ForecastInteractor.swift; sourceTree = "<group>"; };
		AED17A3621995D900000127C /* ForecastEntities.swift */ = {isa = PBXFileReference; lastKnownFileType = sourcecode.swift; path = ForecastEntities.swift; sourceTree = "<group>"; };
		C9A8B96D3553C1491171A7E3 /* Pods_WeatherTests.framework */ = {isa = PBXFileReference; explicitFileType = wrapper.framework; includeInIndex = 0; path = Pods_WeatherTests.framework; sourceTree = BUILT_PRODUCTS_DIR; };
		EA81400A289B67AE00D52E19 /* RealmManager.swift */ = {isa = PBXFileReference; fileEncoding = 4; lastKnownFileType = sourcecode.swift; path = RealmManager.swift; sourceTree = "<group>"; };
		EA81400B289B67AE00D52E19 /* LocalDataManager.swift */ = {isa = PBXFileReference; fileEncoding = 4; lastKnownFileType = sourcecode.swift; path = LocalDataManager.swift; sourceTree = "<group>"; };
		EA81400C289B67AE00D52E19 /* RealmProtocol.swift */ = {isa = PBXFileReference; fileEncoding = 4; lastKnownFileType = sourcecode.swift; path = RealmProtocol.swift; sourceTree = "<group>"; };
		EA81401A289B6A5600D52E19 /* WeatherStoreable.swift */ = {isa = PBXFileReference; lastKnownFileType = sourcecode.swift; path = WeatherStoreable.swift; sourceTree = "<group>"; };
		EA81401C289B6A6100D52E19 /* CityStoreable.swift */ = {isa = PBXFileReference; lastKnownFileType = sourcecode.swift; path = CityStoreable.swift; sourceTree = "<group>"; };
		EA81401E289B70E300D52E19 /* TempStoreable.swift */ = {isa = PBXFileReference; lastKnownFileType = sourcecode.swift; path = TempStoreable.swift; sourceTree = "<group>"; };
		EA814020289B76E900D52E19 /* FeelsLikeStoreable.swift */ = {isa = PBXFileReference; lastKnownFileType = sourcecode.swift; path = FeelsLikeStoreable.swift; sourceTree = "<group>"; };
		EA814022289B7A1200D52E19 /* WeatherInfoStoreable.swift */ = {isa = PBXFileReference; lastKnownFileType = sourcecode.swift; path = WeatherInfoStoreable.swift; sourceTree = "<group>"; };
		EA814024289B8DC400D52E19 /* ForecastStoreable.swift */ = {isa = PBXFileReference; lastKnownFileType = sourcecode.swift; path = ForecastStoreable.swift; sourceTree = "<group>"; };
		EA81402A289B99FD00D52E19 /* LocalDatabaseProtocol.swift */ = {isa = PBXFileReference; lastKnownFileType = sourcecode.swift; path = LocalDatabaseProtocol.swift; sourceTree = "<group>"; };
		EA81402C289B9A3100D52E19 /* LocalDatabaseImpl.swift */ = {isa = PBXFileReference; lastKnownFileType = sourcecode.swift; path = LocalDatabaseImpl.swift; sourceTree = "<group>"; };
		EA81402E289B9B0F00D52E19 /* RemoteRequestProtocol.swift */ = {isa = PBXFileReference; lastKnownFileType = sourcecode.swift; path = RemoteRequestProtocol.swift; sourceTree = "<group>"; };
		EA814030289B9B5000D52E19 /* RemoteRequestImpl.swift */ = {isa = PBXFileReference; lastKnownFileType = sourcecode.swift; path = RemoteRequestImpl.swift; sourceTree = "<group>"; };
		EAC44E0F289A3FE200DFE305 /* city.list.json */ = {isa = PBXFileReference; fileEncoding = 4; lastKnownFileType = text.json; path = city.list.json; sourceTree = "<group>"; };
		EAC44E12289A4C9000DFE305 /* AppKey.swift */ = {isa = PBXFileReference; lastKnownFileType = sourcecode.swift; path = AppKey.swift; sourceTree = "<group>"; };
		EAC44E14289A4DFB00DFE305 /* WeatherUnit.swift */ = {isa = PBXFileReference; lastKnownFileType = sourcecode.swift; path = WeatherUnit.swift; sourceTree = "<group>"; };
		EAC44E16289A4F0B00DFE305 /* CityEntity.swift */ = {isa = PBXFileReference; lastKnownFileType = sourcecode.swift; path = CityEntity.swift; sourceTree = "<group>"; };
		EAC44E18289A4F8800DFE305 /* ForecastEntity.swift */ = {isa = PBXFileReference; lastKnownFileType = sourcecode.swift; path = ForecastEntity.swift; sourceTree = "<group>"; };
		EAC44E1B289A521C00DFE305 /* Entity.swift */ = {isa = PBXFileReference; fileEncoding = 4; lastKnownFileType = sourcecode.swift; path = Entity.swift; sourceTree = "<group>"; };
		EAC44E1D289A530A00DFE305 /* City.swift */ = {isa = PBXFileReference; lastKnownFileType = sourcecode.swift; path = City.swift; sourceTree = "<group>"; };
		EAC44E21289A543D00DFE305 /* FeelsLikeEntity.swift */ = {isa = PBXFileReference; lastKnownFileType = sourcecode.swift; path = FeelsLikeEntity.swift; sourceTree = "<group>"; };
		EAC44E23289A545100DFE305 /* TempEntity.swift */ = {isa = PBXFileReference; lastKnownFileType = sourcecode.swift; path = TempEntity.swift; sourceTree = "<group>"; };
		EAC44E25289A546F00DFE305 /* WeatherInfoEntity.swift */ = {isa = PBXFileReference; lastKnownFileType = sourcecode.swift; path = WeatherInfoEntity.swift; sourceTree = "<group>"; };
		EAC44E27289A54CE00DFE305 /* FeelsLike.swift */ = {isa = PBXFileReference; fileEncoding = 4; lastKnownFileType = sourcecode.swift; path = FeelsLike.swift; sourceTree = "<group>"; };
		EAC44E28289A54CE00DFE305 /* Forecast.swift */ = {isa = PBXFileReference; fileEncoding = 4; lastKnownFileType = sourcecode.swift; path = Forecast.swift; sourceTree = "<group>"; };
		EAC44E29289A54CE00DFE305 /* Temperature.swift */ = {isa = PBXFileReference; fileEncoding = 4; lastKnownFileType = sourcecode.swift; path = Temperature.swift; sourceTree = "<group>"; };
		EAC44E2A289A54CE00DFE305 /* WeatherInfo.swift */ = {isa = PBXFileReference; fileEncoding = 4; lastKnownFileType = sourcecode.swift; path = WeatherInfo.swift; sourceTree = "<group>"; };
		EAC44E2F289A572C00DFE305 /* Host.swift */ = {isa = PBXFileReference; lastKnownFileType = sourcecode.swift; path = Host.swift; sourceTree = "<group>"; };
		EAC44E31289A59DD00DFE305 /* Weather.swift */ = {isa = PBXFileReference; lastKnownFileType = sourcecode.swift; path = Weather.swift; sourceTree = "<group>"; };
		EAC44E36289ABF4B00DFE305 /* AppError.swift */ = {isa = PBXFileReference; lastKnownFileType = sourcecode.swift; path = AppError.swift; sourceTree = "<group>"; };
		EAC44E39289AC8C700DFE305 /* Date+Extension.swift */ = {isa = PBXFileReference; lastKnownFileType = sourcecode.swift; path = "Date+Extension.swift"; sourceTree = "<group>"; };
		EAC44E3D289AD13300DFE305 /* WrapValue.swift */ = {isa = PBXFileReference; lastKnownFileType = sourcecode.swift; path = WrapValue.swift; sourceTree = "<group>"; };
		EAC44E3F289AD1C500DFE305 /* Number+Extension.swift */ = {isa = PBXFileReference; lastKnownFileType = sourcecode.swift; path = "Number+Extension.swift"; sourceTree = "<group>"; };
		EAC44E43289AD78700DFE305 /* ActivityIndicator.swift */ = {isa = PBXFileReference; fileEncoding = 4; lastKnownFileType = sourcecode.swift; path = ActivityIndicator.swift; sourceTree = "<group>"; };
		F1CD17BCD5BBF60CEF8E586F /* Pods_Weather.framework */ = {isa = PBXFileReference; explicitFileType = wrapper.framework; includeInIndex = 0; path = Pods_Weather.framework; sourceTree = BUILT_PRODUCTS_DIR; };
/* End PBXFileReference section */

/* Begin PBXFrameworksBuildPhase section */
		4A5B56B42195E0E4005082B8 /* Frameworks */ = {
			isa = PBXFrameworksBuildPhase;
			buildActionMask = 2147483647;
			files = (
				38B10C313D521B009B2A8BBE /* Pods_Weather.framework in Frameworks */,
			);
			runOnlyForDeploymentPostprocessing = 0;
		};
		4A5B56C82195E0E5005082B8 /* Frameworks */ = {
			isa = PBXFrameworksBuildPhase;
			buildActionMask = 2147483647;
			files = (
				F6C9F2147041D100B7FCA44A /* Pods_WeatherTests.framework in Frameworks */,
			);
			runOnlyForDeploymentPostprocessing = 0;
		};
/* End PBXFrameworksBuildPhase section */

/* Begin PBXGroup section */
		20B0E383A5938469A72D7A48 /* Frameworks */ = {
			isa = PBXGroup;
			children = (
				F1CD17BCD5BBF60CEF8E586F /* Pods_Weather.framework */,
				C9A8B96D3553C1491171A7E3 /* Pods_WeatherTests.framework */,
			);
			name = Frameworks;
			sourceTree = "<group>";
		};
		475B02ED26A6B12A00712ED5 /* Entity */ = {
			isa = PBXGroup;
			children = (
				EAC44E16289A4F0B00DFE305 /* CityEntity.swift */,
				EAC44E21289A543D00DFE305 /* FeelsLikeEntity.swift */,
				EAC44E18289A4F8800DFE305 /* ForecastEntity.swift */,
				EAC44E23289A545100DFE305 /* TempEntity.swift */,
				475B02EE26A6B14000712ED5 /* WeatherEntity.swift */,
				EAC44E25289A546F00DFE305 /* WeatherInfoEntity.swift */,
			);
			path = Entity;
			sourceTree = "<group>";
		};
		475B02F226A7272000712ED5 /* CellView */ = {
			isa = PBXGroup;
			children = (
				475B02F326A7273700712ED5 /* ForecastTableViewCell.swift */,
			);
			path = CellView;
			sourceTree = "<group>";
		};
		4A5B56AE2195E0E4005082B8 = {
			isa = PBXGroup;
			children = (
				4A5B56B92195E0E4005082B8 /* Weather */,
				4A5B56CE2195E0E5005082B8 /* WeatherTests */,
				4A5B56B82195E0E4005082B8 /* Products */,
				FF0AB9366AA1301540AB11BD /* Pods */,
				20B0E383A5938469A72D7A48 /* Frameworks */,
			);
			sourceTree = "<group>";
		};
		4A5B56B82195E0E4005082B8 /* Products */ = {
			isa = PBXGroup;
			children = (
				4A5B56B72195E0E4005082B8 /* Weather.app */,
				4A5B56CB2195E0E5005082B8 /* WeatherTests.xctest */,
			);
			name = Products;
			sourceTree = "<group>";
		};
		4A5B56B92195E0E4005082B8 /* Weather */ = {
			isa = PBXGroup;
			children = (
				4A5B56BA2195E0E4005082B8 /* AppDelegate.swift */,
				EAC44E34289A5B9700DFE305 /* Core */,
				EA814027289B99AE00D52E19 /* Domain */,
				EAC44E33289A5B8600DFE305 /* Helper */,
				EAC44E35289A5C3500DFE305 /* Presenter */,
				4A5B56DA2195E912005082B8 /* Resources */,
			);
			path = Weather;
			sourceTree = "<group>";
		};
		4A5B56CE2195E0E5005082B8 /* WeatherTests */ = {
			isa = PBXGroup;
			children = (
				4A5B56CF2195E0E5005082B8 /* WeatherTests.swift */,
				4A5B56D12195E0E5005082B8 /* Info.plist */,
			);
			path = WeatherTests;
			sourceTree = "<group>";
		};
		4A5B56DA2195E912005082B8 /* Resources */ = {
			isa = PBXGroup;
			children = (
				EAC44E0F289A3FE200DFE305 /* city.list.json */,
				4A5B56C32195E0E5005082B8 /* LaunchScreen.storyboard */,
				4A5B56C12195E0E5005082B8 /* Assets.xcassets */,
				4A5B56C62195E0E5005082B8 /* Info.plist */,
			);
			path = Resources;
			sourceTree = "<group>";
		};
		AED17A0E21992AA10000127C /* Protocols */ = {
			isa = PBXGroup;
			children = (
				AED17A0F21992ABB0000127C /* Routerable.swift */,
				AED17A1121992AD90000127C /* Presenterable.swift */,
				AED17A1321992AEF0000127C /* Viewable.swift */,
				AED17A1521992B090000127C /* Interactorable.swift */,
			);
			path = Protocols;
			sourceTree = "<group>";
		};
		AED17A1D21993BD90000127C /* Modules */ = {
			isa = PBXGroup;
			children = (
				AED17A1E21993BE50000127C /* Forecast */,
			);
			path = Modules;
			sourceTree = "<group>";
		};
		AED17A1E21993BE50000127C /* Forecast */ = {
			isa = PBXGroup;
			children = (
				475B02F226A7272000712ED5 /* CellView */,
				AED17A1F21993C000000127C /* ForecastViewController.swift */,
				AED17A2321993C180000127C /* ForecastPresenter.swift */,
				AED17A2721993C450000127C /* ForecastInteractor.swift */,
				AED17A3621995D900000127C /* ForecastEntities.swift */,
				AED17A2521993C2A0000127C /* ForecastRouterInput.swift */,
				AED17A2021993C000000127C /* ForecastViewController.xib */,
			);
			path = Forecast;
			sourceTree = "<group>";
		};
		AED17A29219940F70000127C /* Network */ = {
			isa = PBXGroup;
			children = (
				475B02E126A6A65E00712ED5 /* APIRouter.swift */,
				475B02E226A6A65E00712ED5 /* Domain.swift */,
				475B02E426A6A65E00712ED5 /* Protocol.swift */,
				475B02E526A6A65E00712ED5 /* Request.swift */,
				EAC44E1B289A521C00DFE305 /* Entity.swift */,
				EAC44E36289ABF4B00DFE305 /* AppError.swift */,
			);
			path = Network;
			sourceTree = "<group>";
		};
		AED17A33219954000000127C /* Extensions */ = {
			isa = PBXGroup;
			children = (
				475B02EB26A6A97700712ED5 /* Decodable+Extension.swift */,
				475B02F726A8690000712ED5 /* UIAlertController+Extension.swift */,
				EAC44E39289AC8C700DFE305 /* Date+Extension.swift */,
				EAC44E3F289AD1C500DFE305 /* Number+Extension.swift */,
				EAC44E3D289AD13300DFE305 /* WrapValue.swift */,
			);
			path = Extensions;
			sourceTree = "<group>";
		};
		EA814007289B665E00D52E19 /* Storeable */ = {
			isa = PBXGroup;
			children = (
				EA81401C289B6A6100D52E19 /* CityStoreable.swift */,
				EA814020289B76E900D52E19 /* FeelsLikeStoreable.swift */,
				EA814024289B8DC400D52E19 /* ForecastStoreable.swift */,
				EA81401E289B70E300D52E19 /* TempStoreable.swift */,
				EA814022289B7A1200D52E19 /* WeatherInfoStoreable.swift */,
				EA81401A289B6A5600D52E19 /* WeatherStoreable.swift */,
			);
			path = Storeable;
			sourceTree = "<group>";
		};
		EA814008289B67AE00D52E19 /* LocalDB */ = {
			isa = PBXGroup;
			children = (
				EA81400A289B67AE00D52E19 /* RealmManager.swift */,
				EA81400B289B67AE00D52E19 /* LocalDataManager.swift */,
				EA81400C289B67AE00D52E19 /* RealmProtocol.swift */,
			);
			path = LocalDB;
			sourceTree = "<group>";
		};
		EA814026289B999400D52E19 /* Protocol */ = {
			isa = PBXGroup;
			children = (
				EA81402A289B99FD00D52E19 /* LocalDatabaseProtocol.swift */,
				EA81402E289B9B0F00D52E19 /* RemoteRequestProtocol.swift */,
			);
			path = Protocol;
			sourceTree = "<group>";
		};
		EA814027289B99AE00D52E19 /* Domain */ = {
			isa = PBXGroup;
			children = (
				EA814029289B99C700D52E19 /* Implement */,
				EA814026289B999400D52E19 /* Protocol */,
			);
			path = Domain;
			sourceTree = "<group>";
		};
		EA814029289B99C700D52E19 /* Implement */ = {
			isa = PBXGroup;
			children = (
				EA81402C289B9A3100D52E19 /* LocalDatabaseImpl.swift */,
				EA814030289B9B5000D52E19 /* RemoteRequestImpl.swift */,
			);
			path = Implement;
			sourceTree = "<group>";
		};
		EAC44E11289A4C4B00DFE305 /* Constant */ = {
			isa = PBXGroup;
			children = (
				EAC44E12289A4C9000DFE305 /* AppKey.swift */,
				EAC44E14289A4DFB00DFE305 /* WeatherUnit.swift */,
				EAC44E2F289A572C00DFE305 /* Host.swift */,
			);
			path = Constant;
			sourceTree = "<group>";
		};
		EAC44E1A289A518F00DFE305 /* Model */ = {
			isa = PBXGroup;
			children = (
				EAC44E1D289A530A00DFE305 /* City.swift */,
				EAC44E27289A54CE00DFE305 /* FeelsLike.swift */,
				EAC44E28289A54CE00DFE305 /* Forecast.swift */,
				EAC44E29289A54CE00DFE305 /* Temperature.swift */,
				EAC44E31289A59DD00DFE305 /* Weather.swift */,
				EAC44E2A289A54CE00DFE305 /* WeatherInfo.swift */,
			);
			path = Model;
			sourceTree = "<group>";
		};
		EAC44E33289A5B8600DFE305 /* Helper */ = {
			isa = PBXGroup;
			children = (
				EAC44E42289AD77700DFE305 /* Loading */,
				AED17A33219954000000127C /* Extensions */,
				EAC44E11289A4C4B00DFE305 /* Constant */,
			);
			path = Helper;
			sourceTree = "<group>";
		};
		EAC44E34289A5B9700DFE305 /* Core */ = {
			isa = PBXGroup;
			children = (
				EA814008289B67AE00D52E19 /* LocalDB */,
				EA814007289B665E00D52E19 /* Storeable */,
				AED17A29219940F70000127C /* Network */,
				475B02ED26A6B12A00712ED5 /* Entity */,
			);
			path = Core;
			sourceTree = "<group>";
		};
		EAC44E35289A5C3500DFE305 /* Presenter */ = {
			isa = PBXGroup;
			children = (
				EAC44E1A289A518F00DFE305 /* Model */,
				AED17A0E21992AA10000127C /* Protocols */,
				AED17A1D21993BD90000127C /* Modules */,
			);
			path = Presenter;
			sourceTree = "<group>";
		};
		EAC44E42289AD77700DFE305 /* Loading */ = {
			isa = PBXGroup;
			children = (
				EAC44E43289AD78700DFE305 /* ActivityIndicator.swift */,
			);
			path = Loading;
			sourceTree = "<group>";
		};
		FF0AB9366AA1301540AB11BD /* Pods */ = {
			isa = PBXGroup;
			children = (
				425D5FF91E3DC44FACBFAAE4 /* Pods-Weather.debug.xcconfig */,
				9F7DDCACE63CFE6C26C52625 /* Pods-Weather.release.xcconfig */,
				9AADF5E4C1638371B30ABEC7 /* Pods-WeatherTests.debug.xcconfig */,
				3BC2C0316EAA814A4CAAE04E /* Pods-WeatherTests.release.xcconfig */,
			);
			path = Pods;
			sourceTree = "<group>";
		};
/* End PBXGroup section */

/* Begin PBXNativeTarget section */
		4A5B56B62195E0E4005082B8 /* Weather */ = {
			isa = PBXNativeTarget;
			buildConfigurationList = 4A5B56D42195E0E5005082B8 /* Build configuration list for PBXNativeTarget "Weather" */;
			buildPhases = (
				12B69D6D1A97901E968B5D20 /* [CP] Check Pods Manifest.lock */,
				4A5B56B32195E0E4005082B8 /* Sources */,
				4A5B56B42195E0E4005082B8 /* Frameworks */,
				4A5B56B52195E0E4005082B8 /* Resources */,
				550135876094ACFA663E2457 /* [CP] Embed Pods Frameworks */,
			);
			buildRules = (
			);
			dependencies = (
			);
			name = Weather;
			productName = SwiftVIPER;
			productReference = 4A5B56B72195E0E4005082B8 /* Weather.app */;
			productType = "com.apple.product-type.application";
		};
		4A5B56CA2195E0E5005082B8 /* WeatherTests */ = {
			isa = PBXNativeTarget;
			buildConfigurationList = 4A5B56D72195E0E5005082B8 /* Build configuration list for PBXNativeTarget "WeatherTests" */;
			buildPhases = (
				F23B372A944D5C131332E547 /* [CP] Check Pods Manifest.lock */,
				4A5B56C72195E0E5005082B8 /* Sources */,
				4A5B56C82195E0E5005082B8 /* Frameworks */,
				4A5B56C92195E0E5005082B8 /* Resources */,
			);
			buildRules = (
			);
			dependencies = (
				4A5B56CD2195E0E5005082B8 /* PBXTargetDependency */,
			);
			name = WeatherTests;
			productName = SwiftVIPERTests;
			productReference = 4A5B56CB2195E0E5005082B8 /* WeatherTests.xctest */;
			productType = "com.apple.product-type.bundle.unit-test";
		};
/* End PBXNativeTarget section */

/* Begin PBXProject section */
		4A5B56AF2195E0E4005082B8 /* Project object */ = {
			isa = PBXProject;
			attributes = {
				LastSwiftUpdateCheck = 1000;
				LastUpgradeCheck = 1000;
				ORGANIZATIONNAME = "Tsubasa Hayashi";
				TargetAttributes = {
					4A5B56B62195E0E4005082B8 = {
						CreatedOnToolsVersion = 10.0;
					};
					4A5B56CA2195E0E5005082B8 = {
						CreatedOnToolsVersion = 10.0;
						TestTargetID = 4A5B56B62195E0E4005082B8;
					};
				};
			};
			buildConfigurationList = 4A5B56B22195E0E4005082B8 /* Build configuration list for PBXProject "Weather" */;
			compatibilityVersion = "Xcode 9.3";
			developmentRegion = en;
			hasScannedForEncodings = 0;
			knownRegions = (
				en,
				Base,
			);
			mainGroup = 4A5B56AE2195E0E4005082B8;
			productRefGroup = 4A5B56B82195E0E4005082B8 /* Products */;
			projectDirPath = "";
			projectRoot = "";
			targets = (
				4A5B56B62195E0E4005082B8 /* Weather */,
				4A5B56CA2195E0E5005082B8 /* WeatherTests */,
			);
		};
/* End PBXProject section */

/* Begin PBXResourcesBuildPhase section */
		4A5B56B52195E0E4005082B8 /* Resources */ = {
			isa = PBXResourcesBuildPhase;
			buildActionMask = 2147483647;
			files = (
				4A5B56C52195E0E5005082B8 /* LaunchScreen.storyboard in Resources */,
				4A5B56C22195E0E5005082B8 /* Assets.xcassets in Resources */,
				AED17A2221993C000000127C /* ForecastViewController.xib in Resources */,
				EAC44E10289A3FE200DFE305 /* city.list.json in Resources */,
			);
			runOnlyForDeploymentPostprocessing = 0;
		};
		4A5B56C92195E0E5005082B8 /* Resources */ = {
			isa = PBXResourcesBuildPhase;
			buildActionMask = 2147483647;
			files = (
			);
			runOnlyForDeploymentPostprocessing = 0;
		};
/* End PBXResourcesBuildPhase section */

/* Begin PBXShellScriptBuildPhase section */
		12B69D6D1A97901E968B5D20 /* [CP] Check Pods Manifest.lock */ = {
			isa = PBXShellScriptBuildPhase;
			buildActionMask = 2147483647;
			files = (
			);
			inputFileListPaths = (
			);
			inputPaths = (
				"${PODS_PODFILE_DIR_PATH}/Podfile.lock",
				"${PODS_ROOT}/Manifest.lock",
			);
			name = "[CP] Check Pods Manifest.lock";
			outputFileListPaths = (
			);
			outputPaths = (
				"$(DERIVED_FILE_DIR)/Pods-Weather-checkManifestLockResult.txt",
			);
			runOnlyForDeploymentPostprocessing = 0;
			shellPath = /bin/sh;
			shellScript = "diff \"${PODS_PODFILE_DIR_PATH}/Podfile.lock\" \"${PODS_ROOT}/Manifest.lock\" > /dev/null\nif [ $? != 0 ] ; then\n    # print error to STDERR\n    echo \"error: The sandbox is not in sync with the Podfile.lock. Run 'pod install' or update your CocoaPods installation.\" >&2\n    exit 1\nfi\n# This output is used by Xcode 'outputs' to avoid re-running this script phase.\necho \"SUCCESS\" > \"${SCRIPT_OUTPUT_FILE_0}\"\n";
			showEnvVarsInLog = 0;
		};
		550135876094ACFA663E2457 /* [CP] Embed Pods Frameworks */ = {
			isa = PBXShellScriptBuildPhase;
			buildActionMask = 2147483647;
			files = (
			);
			inputFileListPaths = (
				"${PODS_ROOT}/Target Support Files/Pods-Weather/Pods-Weather-frameworks-${CONFIGURATION}-input-files.xcfilelist",
			);
			name = "[CP] Embed Pods Frameworks";
			outputFileListPaths = (
				"${PODS_ROOT}/Target Support Files/Pods-Weather/Pods-Weather-frameworks-${CONFIGURATION}-output-files.xcfilelist",
			);
			runOnlyForDeploymentPostprocessing = 0;
			shellPath = /bin/sh;
			shellScript = "\"${PODS_ROOT}/Target Support Files/Pods-Weather/Pods-Weather-frameworks.sh\"\n";
			showEnvVarsInLog = 0;
		};
		F23B372A944D5C131332E547 /* [CP] Check Pods Manifest.lock */ = {
			isa = PBXShellScriptBuildPhase;
			buildActionMask = 2147483647;
			files = (
			);
			inputFileListPaths = (
			);
			inputPaths = (
				"${PODS_PODFILE_DIR_PATH}/Podfile.lock",
				"${PODS_ROOT}/Manifest.lock",
			);
			name = "[CP] Check Pods Manifest.lock";
			outputFileListPaths = (
			);
			outputPaths = (
				"$(DERIVED_FILE_DIR)/Pods-WeatherTests-checkManifestLockResult.txt",
			);
			runOnlyForDeploymentPostprocessing = 0;
			shellPath = /bin/sh;
			shellScript = "diff \"${PODS_PODFILE_DIR_PATH}/Podfile.lock\" \"${PODS_ROOT}/Manifest.lock\" > /dev/null\nif [ $? != 0 ] ; then\n    # print error to STDERR\n    echo \"error: The sandbox is not in sync with the Podfile.lock. Run 'pod install' or update your CocoaPods installation.\" >&2\n    exit 1\nfi\n# This output is used by Xcode 'outputs' to avoid re-running this script phase.\necho \"SUCCESS\" > \"${SCRIPT_OUTPUT_FILE_0}\"\n";
			showEnvVarsInLog = 0;
		};
/* End PBXShellScriptBuildPhase section */

/* Begin PBXSourcesBuildPhase section */
		4A5B56B32195E0E4005082B8 /* Sources */ = {
			isa = PBXSourcesBuildPhase;
			buildActionMask = 2147483647;
			files = (
				475B02EA26A6A65E00712ED5 /* Request.swift in Sources */,
				EAC44E17289A4F0B00DFE305 /* CityEntity.swift in Sources */,
				EA814023289B7A1200D52E19 /* WeatherInfoStoreable.swift in Sources */,
				EA81402F289B9B0F00D52E19 /* RemoteRequestProtocol.swift in Sources */,
				EAC44E1E289A530A00DFE305 /* City.swift in Sources */,
				EAC44E2C289A54CE00DFE305 /* Forecast.swift in Sources */,
				EA814021289B76E900D52E19 /* FeelsLikeStoreable.swift in Sources */,
				EAC44E44289AD78700DFE305 /* ActivityIndicator.swift in Sources */,
				EAC44E32289A59DD00DFE305 /* Weather.swift in Sources */,
				475B02F826A8690000712ED5 /* UIAlertController+Extension.swift in Sources */,
				EAC44E2E289A54CE00DFE305 /* WeatherInfo.swift in Sources */,
				EA81401F289B70E300D52E19 /* TempStoreable.swift in Sources */,
				EAC44E1C289A521C00DFE305 /* Entity.swift in Sources */,
				EA81402D289B9A3100D52E19 /* LocalDatabaseImpl.swift in Sources */,
				EAC44E2D289A54CE00DFE305 /* Temperature.swift in Sources */,
				475B02E626A6A65E00712ED5 /* APIRouter.swift in Sources */,
				EAC44E15289A4DFB00DFE305 /* WeatherUnit.swift in Sources */,
				EAC44E13289A4C9000DFE305 /* AppKey.swift in Sources */,
				AED17A2821993C450000127C /* ForecastInteractor.swift in Sources */,
				AED17A2621993C2A0000127C /* ForecastRouterInput.swift in Sources */,
				EA814013289B67AE00D52E19 /* RealmManager.swift in Sources */,
				475B02EF26A6B14000712ED5 /* WeatherEntity.swift in Sources */,
				475B02E926A6A65E00712ED5 /* Protocol.swift in Sources */,
				EAC44E40289AD1C500DFE305 /* Number+Extension.swift in Sources */,
				475B02EC26A6A97700712ED5 /* Decodable+Extension.swift in Sources */,
				EAC44E3A289AC8C700DFE305 /* Date+Extension.swift in Sources */,
				EAC44E30289A572C00DFE305 /* Host.swift in Sources */,
				EA814015289B67AE00D52E19 /* RealmProtocol.swift in Sources */,
				EAC44E2B289A54CE00DFE305 /* FeelsLike.swift in Sources */,
				EAC44E22289A543D00DFE305 /* FeelsLikeEntity.swift in Sources */,
				EAC44E37289ABF4B00DFE305 /* AppError.swift in Sources */,
				EA814025289B8DC400D52E19 /* ForecastStoreable.swift in Sources */,
				EA81401B289B6A5600D52E19 /* WeatherStoreable.swift in Sources */,
				475B02F526A7273700712ED5 /* ForecastTableViewCell.swift in Sources */,
				AED17A1021992ABB0000127C /* Routerable.swift in Sources */,
				EA814014289B67AE00D52E19 /* LocalDataManager.swift in Sources */,
				AED17A2421993C180000127C /* ForecastPresenter.swift in Sources */,
				EAC44E3E289AD13300DFE305 /* WrapValue.swift in Sources */,
				AED17A3721995D900000127C /* ForecastEntities.swift in Sources */,
				EAC44E24289A545100DFE305 /* TempEntity.swift in Sources */,
				AED17A1421992AEF0000127C /* Viewable.swift in Sources */,
				EA81401D289B6A6100D52E19 /* CityStoreable.swift in Sources */,
				EAC44E26289A546F00DFE305 /* WeatherInfoEntity.swift in Sources */,
				AED17A1221992AD90000127C /* Presenterable.swift in Sources */,
				EA814031289B9B5000D52E19 /* RemoteRequestImpl.swift in Sources */,
				AED17A1621992B090000127C /* Interactorable.swift in Sources */,
				4A5B56BB2195E0E4005082B8 /* AppDelegate.swift in Sources */,
				AED17A2121993C000000127C /* ForecastViewController.swift in Sources */,
				EAC44E19289A4F8800DFE305 /* ForecastEntity.swift in Sources */,
				EA81402B289B99FD00D52E19 /* LocalDatabaseProtocol.swift in Sources */,
				475B02E726A6A65E00712ED5 /* Domain.swift in Sources */,
			);
			runOnlyForDeploymentPostprocessing = 0;
		};
		4A5B56C72195E0E5005082B8 /* Sources */ = {
			isa = PBXSourcesBuildPhase;
			buildActionMask = 2147483647;
			files = (
				4A5B56D02195E0E5005082B8 /* WeatherTests.swift in Sources */,
			);
			runOnlyForDeploymentPostprocessing = 0;
		};
/* End PBXSourcesBuildPhase section */

/* Begin PBXTargetDependency section */
		4A5B56CD2195E0E5005082B8 /* PBXTargetDependency */ = {
			isa = PBXTargetDependency;
			target = 4A5B56B62195E0E4005082B8 /* Weather */;
			targetProxy = 4A5B56CC2195E0E5005082B8 /* PBXContainerItemProxy */;
		};
/* End PBXTargetDependency section */

/* Begin PBXVariantGroup section */
		4A5B56C32195E0E5005082B8 /* LaunchScreen.storyboard */ = {
			isa = PBXVariantGroup;
			children = (
				4A5B56C42195E0E5005082B8 /* Base */,
			);
			name = LaunchScreen.storyboard;
			sourceTree = "<group>";
		};
/* End PBXVariantGroup section */

/* Begin XCBuildConfiguration section */
		4A5B56D22195E0E5005082B8 /* Debug */ = {
			isa = XCBuildConfiguration;
			buildSettings = {
				ALWAYS_SEARCH_USER_PATHS = NO;
				CLANG_ANALYZER_NONNULL = YES;
				CLANG_ANALYZER_NUMBER_OBJECT_CONVERSION = YES_AGGRESSIVE;
				CLANG_CXX_LANGUAGE_STANDARD = "gnu++14";
				CLANG_CXX_LIBRARY = "libc++";
				CLANG_ENABLE_MODULES = YES;
				CLANG_ENABLE_OBJC_ARC = YES;
				CLANG_ENABLE_OBJC_WEAK = YES;
				CLANG_WARN_BLOCK_CAPTURE_AUTORELEASING = YES;
				CLANG_WARN_BOOL_CONVERSION = YES;
				CLANG_WARN_COMMA = YES;
				CLANG_WARN_CONSTANT_CONVERSION = YES;
				CLANG_WARN_DEPRECATED_OBJC_IMPLEMENTATIONS = YES;
				CLANG_WARN_DIRECT_OBJC_ISA_USAGE = YES_ERROR;
				CLANG_WARN_DOCUMENTATION_COMMENTS = YES;
				CLANG_WARN_EMPTY_BODY = YES;
				CLANG_WARN_ENUM_CONVERSION = YES;
				CLANG_WARN_INFINITE_RECURSION = YES;
				CLANG_WARN_INT_CONVERSION = YES;
				CLANG_WARN_NON_LITERAL_NULL_CONVERSION = YES;
				CLANG_WARN_OBJC_IMPLICIT_RETAIN_SELF = YES;
				CLANG_WARN_OBJC_LITERAL_CONVERSION = YES;
				CLANG_WARN_OBJC_ROOT_CLASS = YES_ERROR;
				CLANG_WARN_RANGE_LOOP_ANALYSIS = YES;
				CLANG_WARN_STRICT_PROTOTYPES = YES;
				CLANG_WARN_SUSPICIOUS_MOVE = YES;
				CLANG_WARN_UNGUARDED_AVAILABILITY = YES_AGGRESSIVE;
				CLANG_WARN_UNREACHABLE_CODE = YES;
				CLANG_WARN__DUPLICATE_METHOD_MATCH = YES;
				CODE_SIGN_IDENTITY = "iPhone Developer";
				COPY_PHASE_STRIP = NO;
				DEBUG_INFORMATION_FORMAT = dwarf;
				ENABLE_STRICT_OBJC_MSGSEND = YES;
				ENABLE_TESTABILITY = YES;
				GCC_C_LANGUAGE_STANDARD = gnu11;
				GCC_DYNAMIC_NO_PIC = NO;
				GCC_NO_COMMON_BLOCKS = YES;
				GCC_OPTIMIZATION_LEVEL = 0;
				GCC_PREPROCESSOR_DEFINITIONS = (
					"DEBUG=1",
					"$(inherited)",
				);
				GCC_WARN_64_TO_32_BIT_CONVERSION = YES;
				GCC_WARN_ABOUT_RETURN_TYPE = YES_ERROR;
				GCC_WARN_UNDECLARED_SELECTOR = YES;
				GCC_WARN_UNINITIALIZED_AUTOS = YES_AGGRESSIVE;
				GCC_WARN_UNUSED_FUNCTION = YES;
				GCC_WARN_UNUSED_VARIABLE = YES;
				IPHONEOS_DEPLOYMENT_TARGET = 12.0;
				MTL_ENABLE_DEBUG_INFO = INCLUDE_SOURCE;
				MTL_FAST_MATH = YES;
				ONLY_ACTIVE_ARCH = YES;
				SDKROOT = iphoneos;
				SWIFT_ACTIVE_COMPILATION_CONDITIONS = DEBUG;
				SWIFT_OPTIMIZATION_LEVEL = "-Onone";
			};
			name = Debug;
		};
		4A5B56D32195E0E5005082B8 /* Release */ = {
			isa = XCBuildConfiguration;
			buildSettings = {
				ALWAYS_SEARCH_USER_PATHS = NO;
				CLANG_ANALYZER_NONNULL = YES;
				CLANG_ANALYZER_NUMBER_OBJECT_CONVERSION = YES_AGGRESSIVE;
				CLANG_CXX_LANGUAGE_STANDARD = "gnu++14";
				CLANG_CXX_LIBRARY = "libc++";
				CLANG_ENABLE_MODULES = YES;
				CLANG_ENABLE_OBJC_ARC = YES;
				CLANG_ENABLE_OBJC_WEAK = YES;
				CLANG_WARN_BLOCK_CAPTURE_AUTORELEASING = YES;
				CLANG_WARN_BOOL_CONVERSION = YES;
				CLANG_WARN_COMMA = YES;
				CLANG_WARN_CONSTANT_CONVERSION = YES;
				CLANG_WARN_DEPRECATED_OBJC_IMPLEMENTATIONS = YES;
				CLANG_WARN_DIRECT_OBJC_ISA_USAGE = YES_ERROR;
				CLANG_WARN_DOCUMENTATION_COMMENTS = YES;
				CLANG_WARN_EMPTY_BODY = YES;
				CLANG_WARN_ENUM_CONVERSION = YES;
				CLANG_WARN_INFINITE_RECURSION = YES;
				CLANG_WARN_INT_CONVERSION = YES;
				CLANG_WARN_NON_LITERAL_NULL_CONVERSION = YES;
				CLANG_WARN_OBJC_IMPLICIT_RETAIN_SELF = YES;
				CLANG_WARN_OBJC_LITERAL_CONVERSION = YES;
				CLANG_WARN_OBJC_ROOT_CLASS = YES_ERROR;
				CLANG_WARN_RANGE_LOOP_ANALYSIS = YES;
				CLANG_WARN_STRICT_PROTOTYPES = YES;
				CLANG_WARN_SUSPICIOUS_MOVE = YES;
				CLANG_WARN_UNGUARDED_AVAILABILITY = YES_AGGRESSIVE;
				CLANG_WARN_UNREACHABLE_CODE = YES;
				CLANG_WARN__DUPLICATE_METHOD_MATCH = YES;
				CODE_SIGN_IDENTITY = "iPhone Developer";
				COPY_PHASE_STRIP = NO;
				DEBUG_INFORMATION_FORMAT = "dwarf-with-dsym";
				ENABLE_NS_ASSERTIONS = NO;
				ENABLE_STRICT_OBJC_MSGSEND = YES;
				GCC_C_LANGUAGE_STANDARD = gnu11;
				GCC_NO_COMMON_BLOCKS = YES;
				GCC_WARN_64_TO_32_BIT_CONVERSION = YES;
				GCC_WARN_ABOUT_RETURN_TYPE = YES_ERROR;
				GCC_WARN_UNDECLARED_SELECTOR = YES;
				GCC_WARN_UNINITIALIZED_AUTOS = YES_AGGRESSIVE;
				GCC_WARN_UNUSED_FUNCTION = YES;
				GCC_WARN_UNUSED_VARIABLE = YES;
				IPHONEOS_DEPLOYMENT_TARGET = 12.0;
				MTL_ENABLE_DEBUG_INFO = NO;
				MTL_FAST_MATH = YES;
				SDKROOT = iphoneos;
				SWIFT_COMPILATION_MODE = wholemodule;
				SWIFT_OPTIMIZATION_LEVEL = "-O";
				VALIDATE_PRODUCT = YES;
			};
			name = Release;
		};
		4A5B56D52195E0E5005082B8 /* Debug */ = {
			isa = XCBuildConfiguration;
			baseConfigurationReference = 425D5FF91E3DC44FACBFAAE4 /* Pods-Weather.debug.xcconfig */;
			buildSettings = {
				ASSETCATALOG_COMPILER_APPICON_NAME = AppIcon;
				CODE_SIGN_STYLE = Automatic;
				CURRENT_PROJECT_VERSION = 1;
				DEVELOPMENT_TEAM = WZBH343F2N;
				INFOPLIST_FILE = "$(SRCROOT)/Weather/Resources/Info.plist";
				LD_RUNPATH_SEARCH_PATHS = (
					"$(inherited)",
					"@executable_path/Frameworks",
				);
				MARKETING_VERSION = 1.0.0;
				PRODUCT_BUNDLE_IDENTIFIER = com.vudang.weather;
				PRODUCT_NAME = "$(TARGET_NAME)";
				SWIFT_VERSION = 4.2;
				TARGETED_DEVICE_FAMILY = 1;
			};
			name = Debug;
		};
		4A5B56D62195E0E5005082B8 /* Release */ = {
			isa = XCBuildConfiguration;
			baseConfigurationReference = 9F7DDCACE63CFE6C26C52625 /* Pods-Weather.release.xcconfig */;
			buildSettings = {
				ASSETCATALOG_COMPILER_APPICON_NAME = AppIcon;
				CODE_SIGN_STYLE = Automatic;
				CURRENT_PROJECT_VERSION = 1;
				DEVELOPMENT_TEAM = WZBH343F2N;
				INFOPLIST_FILE = "$(SRCROOT)/Weather/Resources/Info.plist";
				LD_RUNPATH_SEARCH_PATHS = (
					"$(inherited)",
					"@executable_path/Frameworks",
				);
				MARKETING_VERSION = 1.0.0;
				PRODUCT_BUNDLE_IDENTIFIER = com.vudang.weather;
				PRODUCT_NAME = "$(TARGET_NAME)";
				SWIFT_VERSION = 4.2;
				TARGETED_DEVICE_FAMILY = 1;
			};
			name = Release;
		};
		4A5B56D82195E0E5005082B8 /* Debug */ = {
			isa = XCBuildConfiguration;
			baseConfigurationReference = 9AADF5E4C1638371B30ABEC7 /* Pods-WeatherTests.debug.xcconfig */;
			buildSettings = {
				ALWAYS_EMBED_SWIFT_STANDARD_LIBRARIES = YES;
				BUNDLE_LOADER = "$(TEST_HOST)";
				CODE_SIGN_STYLE = Automatic;
				INFOPLIST_FILE = SwiftVIPERTests/Info.plist;
				LD_RUNPATH_SEARCH_PATHS = (
					"$(inherited)",
					"@executable_path/Frameworks",
					"@loader_path/Frameworks",
				);
				PRODUCT_BUNDLE_IDENTIFIER = app.yokurin.SwiftVIPERTests;
				PRODUCT_NAME = "$(TARGET_NAME)";
				SWIFT_VERSION = 4.2;
				TARGETED_DEVICE_FAMILY = "1,2";
				TEST_HOST = "$(BUILT_PRODUCTS_DIR)/Weather.app/Weather";
			};
			name = Debug;
		};
		4A5B56D92195E0E5005082B8 /* Release */ = {
			isa = XCBuildConfiguration;
			baseConfigurationReference = 3BC2C0316EAA814A4CAAE04E /* Pods-WeatherTests.release.xcconfig */;
			buildSettings = {
				ALWAYS_EMBED_SWIFT_STANDARD_LIBRARIES = YES;
				BUNDLE_LOADER = "$(TEST_HOST)";
				CODE_SIGN_STYLE = Automatic;
				INFOPLIST_FILE = SwiftVIPERTests/Info.plist;
				LD_RUNPATH_SEARCH_PATHS = (
					"$(inherited)",
					"@executable_path/Frameworks",
					"@loader_path/Frameworks",
				);
				PRODUCT_BUNDLE_IDENTIFIER = app.yokurin.SwiftVIPERTests;
				PRODUCT_NAME = "$(TARGET_NAME)";
				SWIFT_VERSION = 4.2;
				TARGETED_DEVICE_FAMILY = "1,2";
				TEST_HOST = "$(BUILT_PRODUCTS_DIR)/Weather.app/Weather";
			};
			name = Release;
		};
/* End XCBuildConfiguration section */

/* Begin XCConfigurationList section */
		4A5B56B22195E0E4005082B8 /* Build configuration list for PBXProject "Weather" */ = {
			isa = XCConfigurationList;
			buildConfigurations = (
				4A5B56D22195E0E5005082B8 /* Debug */,
				4A5B56D32195E0E5005082B8 /* Release */,
			);
			defaultConfigurationIsVisible = 0;
			defaultConfigurationName = Release;
		};
		4A5B56D42195E0E5005082B8 /* Build configuration list for PBXNativeTarget "Weather" */ = {
			isa = XCConfigurationList;
			buildConfigurations = (
				4A5B56D52195E0E5005082B8 /* Debug */,
				4A5B56D62195E0E5005082B8 /* Release */,
			);
			defaultConfigurationIsVisible = 0;
			defaultConfigurationName = Release;
		};
		4A5B56D72195E0E5005082B8 /* Build configuration list for PBXNativeTarget "WeatherTests" */ = {
			isa = XCConfigurationList;
			buildConfigurations = (
				4A5B56D82195E0E5005082B8 /* Debug */,
				4A5B56D92195E0E5005082B8 /* Release */,
			);
			defaultConfigurationIsVisible = 0;
			defaultConfigurationName = Release;
		};
/* End XCConfigurationList section */
	};
	rootObject = 4A5B56AF2195E0E4005082B8 /* Project object */;
}
